// !$*UTF8*$!
{
	archiveVersion = 1;
	classes = {
	};
	objectVersion = 46;
	objects = {

/* Begin PBXBuildFile section */
		D36FB3381DD9DAF500830020 /* AppDelegate.swift in Sources */ = {isa = PBXBuildFile; fileRef = D36FB3371DD9DAF500830020 /* AppDelegate.swift */; };
		D36FB33D1DD9DAF500830020 /* Main.storyboard in Resources */ = {isa = PBXBuildFile; fileRef = D36FB33B1DD9DAF500830020 /* Main.storyboard */; };
		D36FB3401DD9DAF500830020 /* SeaSun.xcdatamodeld in Sources */ = {isa = PBXBuildFile; fileRef = D36FB33E1DD9DAF500830020 /* SeaSun.xcdatamodeld */; };
		D36FB3421DD9DAF500830020 /* Assets.xcassets in Resources */ = {isa = PBXBuildFile; fileRef = D36FB3411DD9DAF500830020 /* Assets.xcassets */; };
		D36FB3451DD9DAF500830020 /* LaunchScreen.storyboard in Resources */ = {isa = PBXBuildFile; fileRef = D36FB3431DD9DAF500830020 /* LaunchScreen.storyboard */; };
		D36FB3501DD9DAF500830020 /* SeaSunTests.swift in Sources */ = {isa = PBXBuildFile; fileRef = D36FB34F1DD9DAF500830020 /* SeaSunTests.swift */; };
		D371ABFD1DDF1C6D00959D4B /* IntroLoadingViewController.swift in Sources */ = {isa = PBXBuildFile; fileRef = D371ABFC1DDF1C6C00959D4B /* IntroLoadingViewController.swift */; };
		D371ABFF1DDF263B00959D4B /* SeaSunExtensions.swift in Sources */ = {isa = PBXBuildFile; fileRef = D371ABFE1DDF263B00959D4B /* SeaSunExtensions.swift */; };
		D371AC021DDF36CB00959D4B /* MapKit.framework in Frameworks */ = {isa = PBXBuildFile; fileRef = D371AC011DDF36CB00959D4B /* MapKit.framework */; };
		D371AC041DDF418100959D4B /* InitViewController.swift in Sources */ = {isa = PBXBuildFile; fileRef = D371AC031DDF418100959D4B /* InitViewController.swift */; };
		D371AC061DDF542F00959D4B /* zonesData.csv in Resources */ = {isa = PBXBuildFile; fileRef = D371AC051DDF542F00959D4B /* zonesData.csv */; };
		D37759571DEC4FA1003EEA72 /* beachData.csv in Resources */ = {isa = PBXBuildFile; fileRef = D37759561DEC4FA1003EEA72 /* beachData.csv */; };
		D37759641DEC7DEF003EEA72 /* Zone+CoreDataClass.swift in Sources */ = {isa = PBXBuildFile; fileRef = D37759601DEC7DEF003EEA72 /* Zone+CoreDataClass.swift */; };
		D37759651DEC7DEF003EEA72 /* Zone+CoreDataProperties.swift in Sources */ = {isa = PBXBuildFile; fileRef = D37759611DEC7DEF003EEA72 /* Zone+CoreDataProperties.swift */; };
		D37759661DEC7DEF003EEA72 /* Beach+CoreDataClass.swift in Sources */ = {isa = PBXBuildFile; fileRef = D37759621DEC7DEF003EEA72 /* Beach+CoreDataClass.swift */; };
		D37759671DEC7DEF003EEA72 /* Beach+CoreDataProperties.swift in Sources */ = {isa = PBXBuildFile; fileRef = D37759631DEC7DEF003EEA72 /* Beach+CoreDataProperties.swift */; };
		D37ED8D11E0AD4B400FC1A07 /* BeachXMLModel.swift in Sources */ = {isa = PBXBuildFile; fileRef = D37ED8D01E0AD4B400FC1A07 /* BeachXMLModel.swift */; };
		D37EFE441DF70EEB001D1376 /* FavouriteBeachesTableViewController.swift in Sources */ = {isa = PBXBuildFile; fileRef = D37EFE431DF70EEB001D1376 /* FavouriteBeachesTableViewController.swift */; };
		D37EFE461DF71017001D1376 /* DetailBeachViewController.swift in Sources */ = {isa = PBXBuildFile; fileRef = D37EFE451DF71017001D1376 /* DetailBeachViewController.swift */; };
		D37EFE481DF7109E001D1376 /* SelectProvinceTableViewController.swift in Sources */ = {isa = PBXBuildFile; fileRef = D37EFE471DF7109E001D1376 /* SelectProvinceTableViewController.swift */; };
		D37EFE4A1DF71107001D1376 /* SelectZoneViewController.swift in Sources */ = {isa = PBXBuildFile; fileRef = D37EFE491DF71107001D1376 /* SelectZoneViewController.swift */; };
		D37EFE4C1DF71219001D1376 /* MapRoadToViewController.swift in Sources */ = {isa = PBXBuildFile; fileRef = D37EFE4B1DF71219001D1376 /* MapRoadToViewController.swift */; };
/* End PBXBuildFile section */

/* Begin PBXContainerItemProxy section */
		D36FB34C1DD9DAF500830020 /* PBXContainerItemProxy */ = {
			isa = PBXContainerItemProxy;
			containerPortal = D36FB32C1DD9DAF500830020 /* Project object */;
			proxyType = 1;
			remoteGlobalIDString = D36FB3331DD9DAF500830020;
			remoteInfo = SeaSun;
		};
/* End PBXContainerItemProxy section */

/* Begin PBXFileReference section */
		D36FB3341DD9DAF500830020 /* SeaSun.app */ = {isa = PBXFileReference; explicitFileType = wrapper.application; includeInIndex = 0; path = SeaSun.app; sourceTree = BUILT_PRODUCTS_DIR; };
		D36FB3371DD9DAF500830020 /* AppDelegate.swift */ = {isa = PBXFileReference; lastKnownFileType = sourcecode.swift; path = AppDelegate.swift; sourceTree = "<group>"; };
		D36FB33C1DD9DAF500830020 /* Base */ = {isa = PBXFileReference; lastKnownFileType = file.storyboard; name = Base; path = Base.lproj/Main.storyboard; sourceTree = "<group>"; };
		D36FB33F1DD9DAF500830020 /* SeaSun.xcdatamodel */ = {isa = PBXFileReference; lastKnownFileType = wrapper.xcdatamodel; path = SeaSun.xcdatamodel; sourceTree = "<group>"; };
		D36FB3411DD9DAF500830020 /* Assets.xcassets */ = {isa = PBXFileReference; lastKnownFileType = folder.assetcatalog; path = Assets.xcassets; sourceTree = "<group>"; };
		D36FB3441DD9DAF500830020 /* Base */ = {isa = PBXFileReference; lastKnownFileType = file.storyboard; name = Base; path = Base.lproj/LaunchScreen.storyboard; sourceTree = "<group>"; };
		D36FB3461DD9DAF500830020 /* Info.plist */ = {isa = PBXFileReference; lastKnownFileType = text.plist.xml; path = Info.plist; sourceTree = "<group>"; };
		D36FB34B1DD9DAF500830020 /* SeaSunTests.xctest */ = {isa = PBXFileReference; explicitFileType = wrapper.cfbundle; includeInIndex = 0; path = SeaSunTests.xctest; sourceTree = BUILT_PRODUCTS_DIR; };
		D36FB34F1DD9DAF500830020 /* SeaSunTests.swift */ = {isa = PBXFileReference; lastKnownFileType = sourcecode.swift; path = SeaSunTests.swift; sourceTree = "<group>"; };
		D36FB3511DD9DAF500830020 /* Info.plist */ = {isa = PBXFileReference; lastKnownFileType = text.plist.xml; path = Info.plist; sourceTree = "<group>"; };
		D371ABFC1DDF1C6C00959D4B /* IntroLoadingViewController.swift */ = {isa = PBXFileReference; fileEncoding = 4; lastKnownFileType = sourcecode.swift; path = IntroLoadingViewController.swift; sourceTree = "<group>"; };
		D371ABFE1DDF263B00959D4B /* SeaSunExtensions.swift */ = {isa = PBXFileReference; fileEncoding = 4; lastKnownFileType = sourcecode.swift; path = SeaSunExtensions.swift; sourceTree = "<group>"; };
		D371AC011DDF36CB00959D4B /* MapKit.framework */ = {isa = PBXFileReference; lastKnownFileType = wrapper.framework; name = MapKit.framework; path = System/Library/Frameworks/MapKit.framework; sourceTree = SDKROOT; };
		D371AC031DDF418100959D4B /* InitViewController.swift */ = {isa = PBXFileReference; fileEncoding = 4; lastKnownFileType = sourcecode.swift; path = InitViewController.swift; sourceTree = "<group>"; };
		D371AC051DDF542F00959D4B /* zonesData.csv */ = {isa = PBXFileReference; fileEncoding = 4; lastKnownFileType = text; path = zonesData.csv; sourceTree = "<group>"; };
		D37759561DEC4FA1003EEA72 /* beachData.csv */ = {isa = PBXFileReference; fileEncoding = 4; lastKnownFileType = text; path = beachData.csv; sourceTree = "<group>"; };
		D37759601DEC7DEF003EEA72 /* Zone+CoreDataClass.swift */ = {isa = PBXFileReference; fileEncoding = 4; lastKnownFileType = sourcecode.swift; path = "Zone+CoreDataClass.swift"; sourceTree = "<group>"; };
		D37759611DEC7DEF003EEA72 /* Zone+CoreDataProperties.swift */ = {isa = PBXFileReference; fileEncoding = 4; lastKnownFileType = sourcecode.swift; path = "Zone+CoreDataProperties.swift"; sourceTree = "<group>"; };
		D37759621DEC7DEF003EEA72 /* Beach+CoreDataClass.swift */ = {isa = PBXFileReference; fileEncoding = 4; lastKnownFileType = sourcecode.swift; path = "Beach+CoreDataClass.swift"; sourceTree = "<group>"; };
		D37759631DEC7DEF003EEA72 /* Beach+CoreDataProperties.swift */ = {isa = PBXFileReference; fileEncoding = 4; lastKnownFileType = sourcecode.swift; path = "Beach+CoreDataProperties.swift"; sourceTree = "<group>"; };
		D37ED8D01E0AD4B400FC1A07 /* BeachXMLModel.swift */ = {isa = PBXFileReference; fileEncoding = 4; lastKnownFileType = sourcecode.swift; path = BeachXMLModel.swift; sourceTree = "<group>"; };
		D37EFE311DF6E430001D1376 /* ca-ES */ = {isa = PBXFileReference; lastKnownFileType = text.plist.strings; name = "ca-ES"; path = "ca-ES.lproj/LaunchScreen.strings"; sourceTree = "<group>"; };
		D37EFE321DF6E430001D1376 /* ca-ES */ = {isa = PBXFileReference; lastKnownFileType = text.plist.strings; name = "ca-ES"; path = "ca-ES.lproj/Main.strings"; sourceTree = "<group>"; };
		D37EFE3F1DF70AE4001D1376 /* es */ = {isa = PBXFileReference; lastKnownFileType = text.plist.strings; name = es; path = es.lproj/LaunchScreen.strings; sourceTree = "<group>"; };
		D37EFE401DF70AE4001D1376 /* es */ = {isa = PBXFileReference; lastKnownFileType = text.plist.strings; name = es; path = es.lproj/Main.strings; sourceTree = "<group>"; };
		D37EFE431DF70EEB001D1376 /* FavouriteBeachesTableViewController.swift */ = {isa = PBXFileReference; fileEncoding = 4; lastKnownFileType = sourcecode.swift; path = FavouriteBeachesTableViewController.swift; sourceTree = "<group>"; };
		D37EFE451DF71017001D1376 /* DetailBeachViewController.swift */ = {isa = PBXFileReference; fileEncoding = 4; lastKnownFileType = sourcecode.swift; path = DetailBeachViewController.swift; sourceTree = "<group>"; };
		D37EFE471DF7109E001D1376 /* SelectProvinceTableViewController.swift */ = {isa = PBXFileReference; fileEncoding = 4; lastKnownFileType = sourcecode.swift; path = SelectProvinceTableViewController.swift; sourceTree = "<group>"; };
		D37EFE491DF71107001D1376 /* SelectZoneViewController.swift */ = {isa = PBXFileReference; fileEncoding = 4; lastKnownFileType = sourcecode.swift; name = SelectZoneViewController.swift; path = ../SelectZoneViewController.swift; sourceTree = "<group>"; };
		D37EFE4B1DF71219001D1376 /* MapRoadToViewController.swift */ = {isa = PBXFileReference; fileEncoding = 4; lastKnownFileType = sourcecode.swift; name = MapRoadToViewController.swift; path = ../MapRoadToViewController.swift; sourceTree = "<group>"; };
/* End PBXFileReference section */

/* Begin PBXFrameworksBuildPhase section */
		D36FB3311DD9DAF500830020 /* Frameworks */ = {
			isa = PBXFrameworksBuildPhase;
			buildActionMask = 2147483647;
			files = (
				D371AC021DDF36CB00959D4B /* MapKit.framework in Frameworks */,
			);
			runOnlyForDeploymentPostprocessing = 0;
		};
		D36FB3481DD9DAF500830020 /* Frameworks */ = {
			isa = PBXFrameworksBuildPhase;
			buildActionMask = 2147483647;
			files = (
			);
			runOnlyForDeploymentPostprocessing = 0;
		};
/* End PBXFrameworksBuildPhase section */

/* Begin PBXGroup section */
		D332BB8B1DE4916200F264D5 /* Core Data */ = {
			isa = PBXGroup;
			children = (
				D37759601DEC7DEF003EEA72 /* Zone+CoreDataClass.swift */,
				D37759611DEC7DEF003EEA72 /* Zone+CoreDataProperties.swift */,
				D37759621DEC7DEF003EEA72 /* Beach+CoreDataClass.swift */,
				D37759631DEC7DEF003EEA72 /* Beach+CoreDataProperties.swift */,
				D36FB33E1DD9DAF500830020 /* SeaSun.xcdatamodeld */,
			);
			name = "Core Data";
			sourceTree = "<group>";
		};
		D36FB32B1DD9DAF500830020 = {
			isa = PBXGroup;
			children = (
				D36FB3361DD9DAF500830020 /* SeaSun */,
				D36FB34E1DD9DAF500830020 /* SeaSunTests */,
				D36FB3351DD9DAF500830020 /* Products */,
				D371AC001DDF36CB00959D4B /* Frameworks */,
			);
			sourceTree = "<group>";
		};
		D36FB3351DD9DAF500830020 /* Products */ = {
			isa = PBXGroup;
			children = (
				D36FB3341DD9DAF500830020 /* SeaSun.app */,
				D36FB34B1DD9DAF500830020 /* SeaSunTests.xctest */,
			);
			name = Products;
			sourceTree = "<group>";
		};
		D36FB3361DD9DAF500830020 /* SeaSun */ = {
			isa = PBXGroup;
			children = (
				D332BB8B1DE4916200F264D5 /* Core Data */,
				D36FB35A1DD9DB1800830020 /* Supporting Files */,
				D36FB33B1DD9DAF500830020 /* Main.storyboard */,
				D37EFE471DF7109E001D1376 /* SelectProvinceTableViewController.swift */,
				D371ABFC1DDF1C6C00959D4B /* IntroLoadingViewController.swift */,
				D371ABFE1DDF263B00959D4B /* SeaSunExtensions.swift */,
				D371AC031DDF418100959D4B /* InitViewController.swift */,
				D37EFE431DF70EEB001D1376 /* FavouriteBeachesTableViewController.swift */,
				D37EFE451DF71017001D1376 /* DetailBeachViewController.swift */,
				D37EFE491DF71107001D1376 /* SelectZoneViewController.swift */,
				D37EFE4B1DF71219001D1376 /* MapRoadToViewController.swift */,
				D37ED8D01E0AD4B400FC1A07 /* BeachXMLModel.swift */,
			);
			path = SeaSun;
			sourceTree = "<group>";
		};
		D36FB34E1DD9DAF500830020 /* SeaSunTests */ = {
			isa = PBXGroup;
			children = (
				D36FB34F1DD9DAF500830020 /* SeaSunTests.swift */,
				D36FB3511DD9DAF500830020 /* Info.plist */,
			);
			path = SeaSunTests;
			sourceTree = "<group>";
		};
		D36FB35A1DD9DB1800830020 /* Supporting Files */ = {
			isa = PBXGroup;
			children = (
				D371AC051DDF542F00959D4B /* zonesData.csv */,
				D36FB3371DD9DAF500830020 /* AppDelegate.swift */,
				D36FB3411DD9DAF500830020 /* Assets.xcassets */,
				D36FB3431DD9DAF500830020 /* LaunchScreen.storyboard */,
				D36FB3461DD9DAF500830020 /* Info.plist */,
				D37759561DEC4FA1003EEA72 /* beachData.csv */,
			);
			name = "Supporting Files";
			sourceTree = "<group>";
		};
		D371AC001DDF36CB00959D4B /* Frameworks */ = {
			isa = PBXGroup;
			children = (
				D371AC011DDF36CB00959D4B /* MapKit.framework */,
			);
			name = Frameworks;
			sourceTree = "<group>";
		};
/* End PBXGroup section */

/* Begin PBXNativeTarget section */
		D36FB3331DD9DAF500830020 /* SeaSun */ = {
			isa = PBXNativeTarget;
			buildConfigurationList = D36FB3541DD9DAF500830020 /* Build configuration list for PBXNativeTarget "SeaSun" */;
			buildPhases = (
				D36FB3301DD9DAF500830020 /* Sources */,
				D36FB3311DD9DAF500830020 /* Frameworks */,
				D36FB3321DD9DAF500830020 /* Resources */,
			);
			buildRules = (
			);
			dependencies = (
			);
			name = SeaSun;
			productName = SeaSun;
			productReference = D36FB3341DD9DAF500830020 /* SeaSun.app */;
			productType = "com.apple.product-type.application";
		};
		D36FB34A1DD9DAF500830020 /* SeaSunTests */ = {
			isa = PBXNativeTarget;
			buildConfigurationList = D36FB3571DD9DAF500830020 /* Build configuration list for PBXNativeTarget "SeaSunTests" */;
			buildPhases = (
				D36FB3471DD9DAF500830020 /* Sources */,
				D36FB3481DD9DAF500830020 /* Frameworks */,
				D36FB3491DD9DAF500830020 /* Resources */,
			);
			buildRules = (
			);
			dependencies = (
				D36FB34D1DD9DAF500830020 /* PBXTargetDependency */,
			);
			name = SeaSunTests;
			productName = SeaSunTests;
			productReference = D36FB34B1DD9DAF500830020 /* SeaSunTests.xctest */;
			productType = "com.apple.product-type.bundle.unit-test";
		};
/* End PBXNativeTarget section */

/* Begin PBXProject section */
		D36FB32C1DD9DAF500830020 /* Project object */ = {
			isa = PBXProject;
			attributes = {
				LastSwiftUpdateCheck = 0810;
				LastUpgradeCheck = 0810;
				ORGANIZATIONNAME = "Alberto Ramis";
				TargetAttributes = {
					D36FB3331DD9DAF500830020 = {
						CreatedOnToolsVersion = 8.1;
						DevelopmentTeam = ZVLPZ5RMU6;
						ProvisioningStyle = Automatic;
						SystemCapabilities = {
							com.apple.Maps.iOS = {
								enabled = 1;
							};
						};
					};
					D36FB34A1DD9DAF500830020 = {
						CreatedOnToolsVersion = 8.1;
						DevelopmentTeam = ZVLPZ5RMU6;
						ProvisioningStyle = Automatic;
						TestTargetID = D36FB3331DD9DAF500830020;
					};
				};
			};
			buildConfigurationList = D36FB32F1DD9DAF500830020 /* Build configuration list for PBXProject "SeaSun" */;
			compatibilityVersion = "Xcode 3.2";
			developmentRegion = English;
			hasScannedForEncodings = 0;
			knownRegions = (
				en,
				Base,
				"ca-ES",
			);
			mainGroup = D36FB32B1DD9DAF500830020;
			productRefGroup = D36FB3351DD9DAF500830020 /* Products */;
			projectDirPath = "";
			projectRoot = "";
			targets = (
				D36FB3331DD9DAF500830020 /* SeaSun */,
				D36FB34A1DD9DAF500830020 /* SeaSunTests */,
			);
		};
/* End PBXProject section */

/* Begin PBXResourcesBuildPhase section */
		D36FB3321DD9DAF500830020 /* Resources */ = {
			isa = PBXResourcesBuildPhase;
			buildActionMask = 2147483647;
			files = (
				D371AC061DDF542F00959D4B /* zonesData.csv in Resources */,
				D37759571DEC4FA1003EEA72 /* beachData.csv in Resources */,
				D36FB3451DD9DAF500830020 /* LaunchScreen.storyboard in Resources */,
				D36FB3421DD9DAF500830020 /* Assets.xcassets in Resources */,
				D36FB33D1DD9DAF500830020 /* Main.storyboard in Resources */,
			);
			runOnlyForDeploymentPostprocessing = 0;
		};
		D36FB3491DD9DAF500830020 /* Resources */ = {
			isa = PBXResourcesBuildPhase;
			buildActionMask = 2147483647;
			files = (
			);
			runOnlyForDeploymentPostprocessing = 0;
		};
/* End PBXResourcesBuildPhase section */

/* Begin PBXSourcesBuildPhase section */
		D36FB3301DD9DAF500830020 /* Sources */ = {
			isa = PBXSourcesBuildPhase;
			buildActionMask = 2147483647;
			files = (
				D371ABFF1DDF263B00959D4B /* SeaSunExtensions.swift in Sources */,
				D36FB3381DD9DAF500830020 /* AppDelegate.swift in Sources */,
				D371AC041DDF418100959D4B /* InitViewController.swift in Sources */,
				D37759671DEC7DEF003EEA72 /* Beach+CoreDataProperties.swift in Sources */,
				D37EFE4C1DF71219001D1376 /* MapRoadToViewController.swift in Sources */,
				D37EFE4A1DF71107001D1376 /* SelectZoneViewController.swift in Sources */,
				D37759661DEC7DEF003EEA72 /* Beach+CoreDataClass.swift in Sources */,
				D37759651DEC7DEF003EEA72 /* Zone+CoreDataProperties.swift in Sources */,
				D36FB3401DD9DAF500830020 /* SeaSun.xcdatamodeld in Sources */,
				D37EFE481DF7109E001D1376 /* SelectProvinceTableViewController.swift in Sources */,
				D37EFE441DF70EEB001D1376 /* FavouriteBeachesTableViewController.swift in Sources */,
				D371ABFD1DDF1C6D00959D4B /* IntroLoadingViewController.swift in Sources */,
				D37EFE461DF71017001D1376 /* DetailBeachViewController.swift in Sources */,
				D37759641DEC7DEF003EEA72 /* Zone+CoreDataClass.swift in Sources */,
				D37ED8D11E0AD4B400FC1A07 /* BeachXMLModel.swift in Sources */,
			);
			runOnlyForDeploymentPostprocessing = 0;
		};
		D36FB3471DD9DAF500830020 /* Sources */ = {
			isa = PBXSourcesBuildPhase;
			buildActionMask = 2147483647;
			files = (
				D36FB3501DD9DAF500830020 /* SeaSunTests.swift in Sources */,
			);
			runOnlyForDeploymentPostprocessing = 0;
		};
/* End PBXSourcesBuildPhase section */

/* Begin PBXTargetDependency section */
		D36FB34D1DD9DAF500830020 /* PBXTargetDependency */ = {
			isa = PBXTargetDependency;
			target = D36FB3331DD9DAF500830020 /* SeaSun */;
			targetProxy = D36FB34C1DD9DAF500830020 /* PBXContainerItemProxy */;
		};
/* End PBXTargetDependency section */

/* Begin PBXVariantGroup section */
		D36FB33B1DD9DAF500830020 /* Main.storyboard */ = {
			isa = PBXVariantGroup;
			children = (
				D36FB33C1DD9DAF500830020 /* Base */,
				D37EFE321DF6E430001D1376 /* ca-ES */,
				D37EFE401DF70AE4001D1376 /* es */,
			);
			name = Main.storyboard;
			sourceTree = "<group>";
		};
		D36FB3431DD9DAF500830020 /* LaunchScreen.storyboard */ = {
			isa = PBXVariantGroup;
			children = (
				D36FB3441DD9DAF500830020 /* Base */,
				D37EFE311DF6E430001D1376 /* ca-ES */,
				D37EFE3F1DF70AE4001D1376 /* es */,
			);
			name = LaunchScreen.storyboard;
			sourceTree = "<group>";
		};
/* End PBXVariantGroup section */

/* Begin XCBuildConfiguration section */
		D36FB3521DD9DAF500830020 /* Debug */ = {
			isa = XCBuildConfiguration;
			buildSettings = {
				ALWAYS_SEARCH_USER_PATHS = NO;
				CLANG_ANALYZER_LOCALIZABILITY_NONLOCALIZED = YES;
				CLANG_ANALYZER_NONNULL = YES;
				CLANG_CXX_LANGUAGE_STANDARD = "gnu++0x";
				CLANG_CXX_LIBRARY = "libc++";
				CLANG_ENABLE_MODULES = YES;
				CLANG_ENABLE_OBJC_ARC = YES;
				CLANG_WARN_BOOL_CONVERSION = YES;
				CLANG_WARN_CONSTANT_CONVERSION = YES;
				CLANG_WARN_DIRECT_OBJC_ISA_USAGE = YES_ERROR;
				CLANG_WARN_DOCUMENTATION_COMMENTS = YES;
				CLANG_WARN_EMPTY_BODY = YES;
				CLANG_WARN_ENUM_CONVERSION = YES;
				CLANG_WARN_INFINITE_RECURSION = YES;
				CLANG_WARN_INT_CONVERSION = YES;
				CLANG_WARN_OBJC_ROOT_CLASS = YES_ERROR;
				CLANG_WARN_SUSPICIOUS_MOVES = YES;
				CLANG_WARN_UNREACHABLE_CODE = YES;
				CLANG_WARN__DUPLICATE_METHOD_MATCH = YES;
				"CODE_SIGN_IDENTITY[sdk=iphoneos*]" = "iPhone Developer";
				COPY_PHASE_STRIP = NO;
				DEBUG_INFORMATION_FORMAT = dwarf;
				ENABLE_STRICT_OBJC_MSGSEND = YES;
				ENABLE_TESTABILITY = YES;
				GCC_C_LANGUAGE_STANDARD = gnu99;
				GCC_DYNAMIC_NO_PIC = NO;
				GCC_NO_COMMON_BLOCKS = YES;
				GCC_OPTIMIZATION_LEVEL = 0;
				GCC_PREPROCESSOR_DEFINITIONS = (
					"DEBUG=1",
					"$(inherited)",
				);
				GCC_WARN_64_TO_32_BIT_CONVERSION = YES;
				GCC_WARN_ABOUT_RETURN_TYPE = YES_ERROR;
				GCC_WARN_UNDECLARED_SELECTOR = YES;
				GCC_WARN_UNINITIALIZED_AUTOS = YES_AGGRESSIVE;
				GCC_WARN_UNUSED_FUNCTION = YES;
				GCC_WARN_UNUSED_VARIABLE = YES;
				IPHONEOS_DEPLOYMENT_TARGET = 10.1;
				MTL_ENABLE_DEBUG_INFO = YES;
				ONLY_ACTIVE_ARCH = YES;
				SDKROOT = iphoneos;
				SWIFT_ACTIVE_COMPILATION_CONDITIONS = DEBUG;
				SWIFT_OPTIMIZATION_LEVEL = "-Onone";
				TARGETED_DEVICE_FAMILY = "1,2";
			};
			name = Debug;
		};
		D36FB3531DD9DAF500830020 /* Release */ = {
			isa = XCBuildConfiguration;
			buildSettings = {
				ALWAYS_SEARCH_USER_PATHS = NO;
				CLANG_ANALYZER_LOCALIZABILITY_NONLOCALIZED = YES;
				CLANG_ANALYZER_NONNULL = YES;
				CLANG_CXX_LANGUAGE_STANDARD = "gnu++0x";
				CLANG_CXX_LIBRARY = "libc++";
				CLANG_ENABLE_MODULES = YES;
				CLANG_ENABLE_OBJC_ARC = YES;
				CLANG_WARN_BOOL_CONVERSION = YES;
				CLANG_WARN_CONSTANT_CONVERSION = YES;
				CLANG_WARN_DIRECT_OBJC_ISA_USAGE = YES_ERROR;
				CLANG_WARN_DOCUMENTATION_COMMENTS = YES;
				CLANG_WARN_EMPTY_BODY = YES;
				CLANG_WARN_ENUM_CONVERSION = YES;
				CLANG_WARN_INFINITE_RECURSION = YES;
				CLANG_WARN_INT_CONVERSION = YES;
				CLANG_WARN_OBJC_ROOT_CLASS = YES_ERROR;
				CLANG_WARN_SUSPICIOUS_MOVES = YES;
				CLANG_WARN_UNREACHABLE_CODE = YES;
				CLANG_WARN__DUPLICATE_METHOD_MATCH = YES;
				"CODE_SIGN_IDENTITY[sdk=iphoneos*]" = "iPhone Developer";
				COPY_PHASE_STRIP = NO;
				DEBUG_INFORMATION_FORMAT = "dwarf-with-dsym";
				ENABLE_NS_ASSERTIONS = NO;
				ENABLE_STRICT_OBJC_MSGSEND = YES;
				GCC_C_LANGUAGE_STANDARD = gnu99;
				GCC_NO_COMMON_BLOCKS = YES;
				GCC_WARN_64_TO_32_BIT_CONVERSION = YES;
				GCC_WARN_ABOUT_RETURN_TYPE = YES_ERROR;
				GCC_WARN_UNDECLARED_SELECTOR = YES;
				GCC_WARN_UNINITIALIZED_AUTOS = YES_AGGRESSIVE;
				GCC_WARN_UNUSED_FUNCTION = YES;
				GCC_WARN_UNUSED_VARIABLE = YES;
				IPHONEOS_DEPLOYMENT_TARGET = 10.1;
				MTL_ENABLE_DEBUG_INFO = NO;
				SDKROOT = iphoneos;
				SWIFT_OPTIMIZATION_LEVEL = "-Owholemodule";
				TARGETED_DEVICE_FAMILY = "1,2";
				VALIDATE_PRODUCT = YES;
			};
			name = Release;
		};
		D36FB3551DD9DAF500830020 /* Debug */ = {
			isa = XCBuildConfiguration;
			buildSettings = {
				ASSETCATALOG_COMPILER_APPICON_NAME = AppIcon;
				DEVELOPMENT_TEAM = ZVLPZ5RMU6;
				INFOPLIST_FILE = SeaSun/Info.plist;
				LD_RUNPATH_SEARCH_PATHS = "$(inherited) @executable_path/Frameworks";
				PRODUCT_BUNDLE_IDENTIFIER = com.albertoramis.SeaSun;
				PRODUCT_NAME = "$(TARGET_NAME)";
				SWIFT_VERSION = 3.0;
			};
			name = Debug;
		};
		D36FB3561DD9DAF500830020 /* Release */ = {
			isa = XCBuildConfiguration;
			buildSettings = {
				ASSETCATALOG_COMPILER_APPICON_NAME = AppIcon;
				DEVELOPMENT_TEAM = ZVLPZ5RMU6;
				INFOPLIST_FILE = SeaSun/Info.plist;
				LD_RUNPATH_SEARCH_PATHS = "$(inherited) @executable_path/Frameworks";
				PRODUCT_BUNDLE_IDENTIFIER = com.albertoramis.SeaSun;
				PRODUCT_NAME = "$(TARGET_NAME)";
				SWIFT_VERSION = 3.0;
			};
			name = Release;
		};
		D36FB3581DD9DAF500830020 /* Debug */ = {
			isa = XCBuildConfiguration;
			buildSettings = {
				ALWAYS_EMBED_SWIFT_STANDARD_LIBRARIES = YES;
				BUNDLE_LOADER = "$(TEST_HOST)";
				DEVELOPMENT_TEAM = ZVLPZ5RMU6;
				INFOPLIST_FILE = SeaSunTests/Info.plist;
				LD_RUNPATH_SEARCH_PATHS = "$(inherited) @executable_path/Frameworks @loader_path/Frameworks";
				PRODUCT_BUNDLE_IDENTIFIER = com.albertoramis.SeaSunTests;
				PRODUCT_NAME = "$(TARGET_NAME)";
				SWIFT_VERSION = 3.0;
				TEST_HOST = "$(BUILT_PRODUCTS_DIR)/SeaSun.app/SeaSun";
			};
			name = Debug;
		};
		D36FB3591DD9DAF500830020 /* Release */ = {
			isa = XCBuildConfiguration;
			buildSettings = {
				ALWAYS_EMBED_SWIFT_STANDARD_LIBRARIES = YES;
				BUNDLE_LOADER = "$(TEST_HOST)";
				DEVELOPMENT_TEAM = ZVLPZ5RMU6;
				INFOPLIST_FILE = SeaSunTests/Info.plist;
				LD_RUNPATH_SEARCH_PATHS = "$(inherited) @executable_path/Frameworks @loader_path/Frameworks";
				PRODUCT_BUNDLE_IDENTIFIER = com.albertoramis.SeaSunTests;
				PRODUCT_NAME = "$(TARGET_NAME)";
				SWIFT_VERSION = 3.0;
				TEST_HOST = "$(BUILT_PRODUCTS_DIR)/SeaSun.app/SeaSun";
			};
			name = Release;
		};
/* End XCBuildConfiguration section */

/* Begin XCConfigurationList section */
		D36FB32F1DD9DAF500830020 /* Build configuration list for PBXProject "SeaSun" */ = {
			isa = XCConfigurationList;
			buildConfigurations = (
				D36FB3521DD9DAF500830020 /* Debug */,
				D36FB3531DD9DAF500830020 /* Release */,
			);
			defaultConfigurationIsVisible = 0;
			defaultConfigurationName = Release;
		};
		D36FB3541DD9DAF500830020 /* Build configuration list for PBXNativeTarget "SeaSun" */ = {
			isa = XCConfigurationList;
			buildConfigurations = (
				D36FB3551DD9DAF500830020 /* Debug */,
				D36FB3561DD9DAF500830020 /* Release */,
			);
			defaultConfigurationIsVisible = 0;
			defaultConfigurationName = Release;
		};
		D36FB3571DD9DAF500830020 /* Build configuration list for PBXNativeTarget "SeaSunTests" */ = {
			isa = XCConfigurationList;
			buildConfigurations = (
				D36FB3581DD9DAF500830020 /* Debug */,
				D36FB3591DD9DAF500830020 /* Release */,
			);
			defaultConfigurationIsVisible = 0;
			defaultConfigurationName = Release;
		};
/* End XCConfigurationList section */

/* Begin XCVersionGroup section */
		D36FB33E1DD9DAF500830020 /* SeaSun.xcdatamodeld */ = {
			isa = XCVersionGroup;
			children = (
				D36FB33F1DD9DAF500830020 /* SeaSun.xcdatamodel */,
			);
			currentVersion = D36FB33F1DD9DAF500830020 /* SeaSun.xcdatamodel */;
			path = SeaSun.xcdatamodeld;
			sourceTree = "<group>";
			versionGroupType = wrapper.xcdatamodel;
		};
/* End XCVersionGroup section */
	};
	rootObject = D36FB32C1DD9DAF500830020 /* Project object */;
}
